
Microsoft Visual Studio Solution File, Format Version 12.00
# Visual Studio Version 17
VisualStudioVersion = 17.9.34728.123
MinimumVisualStudioVersion = 10.0.40219.1
Project("{FAE04EC0-301F-11D3-BF4B-00C04F79EFBC}") = "S3AndNet", "S3AndNet\S3AndNet.csproj", "{ABF6C424-FF17-446E-8D5C-100D34AA67D9}"
EndProject
Global
	GlobalSection(SolutionConfigurationPlatforms) = preSolution
		Debug|Any CPU = Debug|Any CPU
		Release|Any CPU = Release|Any CPU
	EndGlobalSection
	GlobalSection(ProjectConfigurationPlatforms) = postSolution
		{ABF6C424-FF17-446E-8D5C-100D34AA67D9}.Debug|Any CPU.ActiveCfg = Debug|Any CPU
		{ABF6C424-FF17-446E-8D5C-100D34AA67D9}.Debug|Any CPU.Build.0 = Debug|Any CPU
		{ABF6C424-FF17-446E-8D5C-100D34AA67D9}.Release|Any CPU.ActiveCfg = Release|Any CPU
		{ABF6C424-FF17-446E-8D5C-100D34AA67D9}.Release|Any CPU.Build.0 = Release|Any CPU
	EndGlobalSection
	GlobalSection(SolutionProperties) = preSolution
		HideSolutionNode = FALSE
	EndGlobalSection
	GlobalSection(ExtensibilityGlobals) = postSolution
		SolutionGuid = {D424BAB6-DDDC-4EF4-94CC-BEE3FCD03455}
	EndGlobalSection
EndGlobal
